
Microsoft Visual Studio Solution File, Format Version 12.00
Project("{FAE04EC0-301F-11D3-BF4B-00C04F79EFBC}") = "Inertia.AspNetCore", "Inertia.AspNetCore\Inertia.AspNetCore.csproj", "{4CAEE378-E68F-4DDD-B280-C87BF02DA2B1}"
EndProject
Project("{FAE04EC0-301F-11D3-BF4B-00C04F79EFBC}") = "Inertia.AspNetCore.Tests", "Inertia.AspNetCore.Tests\Inertia.AspNetCore.Tests.csproj", "{085947E5-77A4-4A13-8D4E-1A8FD8B45AB6}"
EndProject
Global
	GlobalSection(SolutionConfigurationPlatforms) = preSolution
		Debug|Any CPU = Debug|Any CPU
		Release|Any CPU = Release|Any CPU
	EndGlobalSection
	GlobalSection(ProjectConfigurationPlatforms) = postSolution
		{4CAEE378-E68F-4DDD-B280-C87BF02DA2B1}.Debug|Any CPU.ActiveCfg = Debug|Any CPU
		{4CAEE378-E68F-4DDD-B280-C87BF02DA2B1}.Debug|Any CPU.Build.0 = Debug|Any CPU
		{4CAEE378-E68F-4DDD-B280-C87BF02DA2B1}.Release|Any CPU.ActiveCfg = Release|Any CPU
		{4CAEE378-E68F-4DDD-B280-C87BF02DA2B1}.Release|Any CPU.Build.0 = Release|Any CPU
		{085947E5-77A4-4A13-8D4E-1A8FD8B45AB6}.Debug|Any CPU.ActiveCfg = Debug|Any CPU
		{085947E5-77A4-4A13-8D4E-1A8FD8B45AB6}.Debug|Any CPU.Build.0 = Debug|Any CPU
		{085947E5-77A4-4A13-8D4E-1A8FD8B45AB6}.Release|Any CPU.ActiveCfg = Release|Any CPU
		{085947E5-77A4-4A13-8D4E-1A8FD8B45AB6}.Release|Any CPU.Build.0 = Release|Any CPU
	EndGlobalSection
EndGlobal
